
Microsoft Visual Studio Solution File, Format Version 12.00
# Visual Studio Version 17
VisualStudioVersion = 17.0.31903.59
MinimumVisualStudioVersion = 10.0.40219.1
Project("{9A19103F-16F7-4668-BE54-9A1E7A4F7556}") = "Szabadsagok", "Szabadsagok\Szabadsagok.csproj", "{1268A4C8-E7EA-4A17-B9AD-AAE1779F4370}"
EndProject
Project("{9A19103F-16F7-4668-BE54-9A1E7A4F7556}") = "Core", "Core\Core.csproj", "{0A47C1AE-C7A8-448B-8E65-51EE832ECE36}"
EndProject
Project("{9A19103F-16F7-4668-BE54-9A1E7A4F7556}") = "Infrastructure", "Infrastructure\Infrastructure.csproj", "{1B12320B-9968-4A7D-97A3-7149C9439E6A}"
EndProject
Project("{9A19103F-16F7-4668-BE54-9A1E7A4F7556}") = "MinimalApi", "MinimalApi\MinimalApi.csproj", "{9036C01B-6026-477A-B956-F2678DDDD12F}"
EndProject
Project("{FAE04EC0-301F-11D3-BF4B-00C04F79EFBC}") = "NBomberTest", "NBomber\NBomberTest.csproj", "{F88C6D39-E336-45D5-8BBF-38D8C3026C61}"
EndProject
Global
	GlobalSection(SolutionConfigurationPlatforms) = preSolution
		Debug|Any CPU = Debug|Any CPU
		Release|Any CPU = Release|Any CPU
	EndGlobalSection
	GlobalSection(ProjectConfigurationPlatforms) = postSolution
		{1268A4C8-E7EA-4A17-B9AD-AAE1779F4370}.Debug|Any CPU.ActiveCfg = Debug|Any CPU
		{1268A4C8-E7EA-4A17-B9AD-AAE1779F4370}.Debug|Any CPU.Build.0 = Debug|Any CPU
		{1268A4C8-E7EA-4A17-B9AD-AAE1779F4370}.Release|Any CPU.ActiveCfg = Release|Any CPU
		{1268A4C8-E7EA-4A17-B9AD-AAE1779F4370}.Release|Any CPU.Build.0 = Release|Any CPU
		{0A47C1AE-C7A8-448B-8E65-51EE832ECE36}.Debug|Any CPU.ActiveCfg = Debug|Any CPU
		{0A47C1AE-C7A8-448B-8E65-51EE832ECE36}.Debug|Any CPU.Build.0 = Debug|Any CPU
		{0A47C1AE-C7A8-448B-8E65-51EE832ECE36}.Release|Any CPU.ActiveCfg = Release|Any CPU
		{0A47C1AE-C7A8-448B-8E65-51EE832ECE36}.Release|Any CPU.Build.0 = Release|Any CPU
		{1B12320B-9968-4A7D-97A3-7149C9439E6A}.Debug|Any CPU.ActiveCfg = Debug|Any CPU
		{1B12320B-9968-4A7D-97A3-7149C9439E6A}.Debug|Any CPU.Build.0 = Debug|Any CPU
		{1B12320B-9968-4A7D-97A3-7149C9439E6A}.Release|Any CPU.ActiveCfg = Release|Any CPU
		{1B12320B-9968-4A7D-97A3-7149C9439E6A}.Release|Any CPU.Build.0 = Release|Any CPU
		{9036C01B-6026-477A-B956-F2678DDDD12F}.Debug|Any CPU.ActiveCfg = Debug|Any CPU
		{9036C01B-6026-477A-B956-F2678DDDD12F}.Debug|Any CPU.Build.0 = Debug|Any CPU
		{9036C01B-6026-477A-B956-F2678DDDD12F}.Release|Any CPU.ActiveCfg = Release|Any CPU
		{9036C01B-6026-477A-B956-F2678DDDD12F}.Release|Any CPU.Build.0 = Release|Any CPU
		{F88C6D39-E336-45D5-8BBF-38D8C3026C61}.Debug|Any CPU.ActiveCfg = Debug|Any CPU
		{F88C6D39-E336-45D5-8BBF-38D8C3026C61}.Debug|Any CPU.Build.0 = Debug|Any CPU
		{F88C6D39-E336-45D5-8BBF-38D8C3026C61}.Release|Any CPU.ActiveCfg = Release|Any CPU
		{F88C6D39-E336-45D5-8BBF-38D8C3026C61}.Release|Any CPU.Build.0 = Release|Any CPU
	EndGlobalSection
	GlobalSection(SolutionProperties) = preSolution
		HideSolutionNode = FALSE
	EndGlobalSection
	GlobalSection(ExtensibilityGlobals) = postSolution
		SolutionGuid = {AA043F1A-39D2-48BB-B1E0-4B9487C43854}
	EndGlobalSection
EndGlobal
